{
  "name": "use-c",
  "version": "1.0.0",
  "lockfileVersion": 2,
  "requires": true,
  "packages": {
    "": {
      "name": "use-c",
      "version": "1.0.0",
      "license": "ISC",
      "dependencies": {
        "special-version": "file:../special-version"
      }
    },
    "../special-version": {
      "version": "0.0.0"
    },
    "node_modules/special-version": {
      "resolved": "../special-version",
      "link": true
    }
  },
  "dependencies": {
    "special-version": {
      "version": "file:../special-version"
    }
  }
}
