{
  "name": "use-c",
  "version": "1.0.0",
  "lockfileVersion": 2,
  "requires": true,
  "packages": {
    "": {
      "name": "use-c",
      "version": "1.0.0",
      "license": "ISC",
      "dependencies": {
        "special-version-1": "file:../special-version-1",
        "special-version-2": "file:../special-version-2"
      }
    },
    "../special-version-1": {
      "version": "0.0.0"
    },
    "../special-version-2": {
      "version": "0.0.0",
      "hasInstallScript": true
    },
    "node_modules/special-version-1": {
      "resolved": "../special-version-1",
      "link": true
    },
    "node_modules/special-version-2": {
      "resolved": "../special-version-2",
      "link": true
    }
  },
  "dependencies": {
    "special-version-1": {
      "version": "file:../special-version-1"
    },
    "special-version-2": {
      "version": "file:../special-version-2"
    }
  }
}
